
Microsoft Visual Studio Solution File, Format Version 12.00
# Visual Studio 14
VisualStudioVersion = 14.0.25420.1
MinimumVisualStudioVersion = 10.0.40219.1
Project("{FAE04EC0-301F-11D3-BF4B-00C04F79EFBC}") = "01 Take Two", "01 Take Two\01 Take Two.csproj", "{14110F6C-62D9-4EC8-8E2D-FFF5A0D4800B}"
EndProject
Project("{FAE04EC0-301F-11D3-BF4B-00C04F79EFBC}") = "02 Upper Strings", "02 Upper Strings\02 Upper Strings.csproj", "{39CF7FA3-4124-4C64-9CB1-34107ECF9CEA}"
EndProject
Project("{FAE04EC0-301F-11D3-BF4B-00C04F79EFBC}") = "03 First Name", "03 First Name\03 First Name.csproj", "{2B281BA8-C41A-446A-84D9-971084D8F71F}"
EndProject
Project("{FAE04EC0-301F-11D3-BF4B-00C04F79EFBC}") = "04 Average of Doubles", "04 Average of Doubles\04 Average of Doubles.csproj", "{32408405-DE64-41E2-85DE-D773611938A9}"
EndProject
Project("{FAE04EC0-301F-11D3-BF4B-00C04F79EFBC}") = "05 Min Even Number", "05 Min Even Number\05 Min Even Number.csproj", "{B81CF444-348B-45CE-B633-0D15BCFA1CB2}"
EndProject
Project("{FAE04EC0-301F-11D3-BF4B-00C04F79EFBC}") = "06 Find and Sum Integers", "06 Find and Sum Integers\06 Find and Sum Integers.csproj", "{11A6C158-13B3-4040-8922-C7D03F479EBD}"
EndProject
Project("{FAE04EC0-301F-11D3-BF4B-00C04F79EFBC}") = "07 Bounded Numbers", "07 Bounded Numbers\07 Bounded Numbers.csproj", "{2088A77B-1F3E-41D1-B167-6B27C2680CB7}"
EndProject
Project("{FAE04EC0-301F-11D3-BF4B-00C04F79EFBC}") = "08 Map Districts", "08 Map Districts\08 Map Districts.csproj", "{4668C293-AAD5-4D8A-8E61-B31E530E0BD8}"
EndProject
Global
	GlobalSection(SolutionConfigurationPlatforms) = preSolution
		Debug|Any CPU = Debug|Any CPU
		Release|Any CPU = Release|Any CPU
	EndGlobalSection
	GlobalSection(ProjectConfigurationPlatforms) = postSolution
		{14110F6C-62D9-4EC8-8E2D-FFF5A0D4800B}.Debug|Any CPU.ActiveCfg = Debug|Any CPU
		{14110F6C-62D9-4EC8-8E2D-FFF5A0D4800B}.Debug|Any CPU.Build.0 = Debug|Any CPU
		{14110F6C-62D9-4EC8-8E2D-FFF5A0D4800B}.Release|Any CPU.ActiveCfg = Release|Any CPU
		{14110F6C-62D9-4EC8-8E2D-FFF5A0D4800B}.Release|Any CPU.Build.0 = Release|Any CPU
		{39CF7FA3-4124-4C64-9CB1-34107ECF9CEA}.Debug|Any CPU.ActiveCfg = Debug|Any CPU
		{39CF7FA3-4124-4C64-9CB1-34107ECF9CEA}.Debug|Any CPU.Build.0 = Debug|Any CPU
		{39CF7FA3-4124-4C64-9CB1-34107ECF9CEA}.Release|Any CPU.ActiveCfg = Release|Any CPU
		{39CF7FA3-4124-4C64-9CB1-34107ECF9CEA}.Release|Any CPU.Build.0 = Release|Any CPU
		{2B281BA8-C41A-446A-84D9-971084D8F71F}.Debug|Any CPU.ActiveCfg = Debug|Any CPU
		{2B281BA8-C41A-446A-84D9-971084D8F71F}.Debug|Any CPU.Build.0 = Debug|Any CPU
		{2B281BA8-C41A-446A-84D9-971084D8F71F}.Release|Any CPU.ActiveCfg = Release|Any CPU
		{2B281BA8-C41A-446A-84D9-971084D8F71F}.Release|Any CPU.Build.0 = Release|Any CPU
		{32408405-DE64-41E2-85DE-D773611938A9}.Debug|Any CPU.ActiveCfg = Debug|Any CPU
		{32408405-DE64-41E2-85DE-D773611938A9}.Debug|Any CPU.Build.0 = Debug|Any CPU
		{32408405-DE64-41E2-85DE-D773611938A9}.Release|Any CPU.ActiveCfg = Release|Any CPU
		{32408405-DE64-41E2-85DE-D773611938A9}.Release|Any CPU.Build.0 = Release|Any CPU
		{B81CF444-348B-45CE-B633-0D15BCFA1CB2}.Debug|Any CPU.ActiveCfg = Debug|Any CPU
		{B81CF444-348B-45CE-B633-0D15BCFA1CB2}.Debug|Any CPU.Build.0 = Debug|Any CPU
		{B81CF444-348B-45CE-B633-0D15BCFA1CB2}.Release|Any CPU.ActiveCfg = Release|Any CPU
		{B81CF444-348B-45CE-B633-0D15BCFA1CB2}.Release|Any CPU.Build.0 = Release|Any CPU
		{11A6C158-13B3-4040-8922-C7D03F479EBD}.Debug|Any CPU.ActiveCfg = Debug|Any CPU
		{11A6C158-13B3-4040-8922-C7D03F479EBD}.Debug|Any CPU.Build.0 = Debug|Any CPU
		{11A6C158-13B3-4040-8922-C7D03F479EBD}.Release|Any CPU.ActiveCfg = Release|Any CPU
		{11A6C158-13B3-4040-8922-C7D03F479EBD}.Release|Any CPU.Build.0 = Release|Any CPU
		{2088A77B-1F3E-41D1-B167-6B27C2680CB7}.Debug|Any CPU.ActiveCfg = Debug|Any CPU
		{2088A77B-1F3E-41D1-B167-6B27C2680CB7}.Debug|Any CPU.Build.0 = Debug|Any CPU
		{2088A77B-1F3E-41D1-B167-6B27C2680CB7}.Release|Any CPU.ActiveCfg = Release|Any CPU
		{2088A77B-1F3E-41D1-B167-6B27C2680CB7}.Release|Any CPU.Build.0 = Release|Any CPU
		{4668C293-AAD5-4D8A-8E61-B31E530E0BD8}.Debug|Any CPU.ActiveCfg = Debug|Any CPU
		{4668C293-AAD5-4D8A-8E61-B31E530E0BD8}.Debug|Any CPU.Build.0 = Debug|Any CPU
		{4668C293-AAD5-4D8A-8E61-B31E530E0BD8}.Release|Any CPU.ActiveCfg = Release|Any CPU
		{4668C293-AAD5-4D8A-8E61-B31E530E0BD8}.Release|Any CPU.Build.0 = Release|Any CPU
	EndGlobalSection
	GlobalSection(SolutionProperties) = preSolution
		HideSolutionNode = FALSE
	EndGlobalSection
EndGlobal
