
Microsoft Visual Studio Solution File, Format Version 12.00
# Visual Studio 14
VisualStudioVersion = 14.0.25420.1
MinimumVisualStudioVersion = 10.0.40219.1
Project("{FAE04EC0-301F-11D3-BF4B-00C04F79EFBC}") = "1 Coffee Orders", "1 Coffee Orders\1 Coffee Orders.csproj", "{C701124C-06C0-496F-9275-FFCA944D3B98}"
EndProject
Project("{FAE04EC0-301F-11D3-BF4B-00C04F79EFBC}") = "2 Command Interpreter", "2 Command Interpreter\2 Command Interpreter.csproj", "{FA7ECCAA-7B93-4EC3-B765-B2B85C25B9FD}"
EndProject
Project("{FAE04EC0-301F-11D3-BF4B-00C04F79EFBC}") = "3 Rage Quit", "3 Rage Quit\3 Rage Quit.csproj", "{A3F512B9-E2DF-4D3E-A934-BCBD5F4AB790}"
EndProject
Project("{FAE04EC0-301F-11D3-BF4B-00C04F79EFBC}") = "04 Files new", "04 Files new\04 Files new.csproj", "{8949D7EE-5E74-4E10-AD43-1E0AE853487C}"
EndProject
Global
	GlobalSection(SolutionConfigurationPlatforms) = preSolution
		Debug|Any CPU = Debug|Any CPU
		Release|Any CPU = Release|Any CPU
	EndGlobalSection
	GlobalSection(ProjectConfigurationPlatforms) = postSolution
		{C701124C-06C0-496F-9275-FFCA944D3B98}.Debug|Any CPU.ActiveCfg = Debug|Any CPU
		{C701124C-06C0-496F-9275-FFCA944D3B98}.Debug|Any CPU.Build.0 = Debug|Any CPU
		{C701124C-06C0-496F-9275-FFCA944D3B98}.Release|Any CPU.ActiveCfg = Release|Any CPU
		{C701124C-06C0-496F-9275-FFCA944D3B98}.Release|Any CPU.Build.0 = Release|Any CPU
		{FA7ECCAA-7B93-4EC3-B765-B2B85C25B9FD}.Debug|Any CPU.ActiveCfg = Debug|Any CPU
		{FA7ECCAA-7B93-4EC3-B765-B2B85C25B9FD}.Debug|Any CPU.Build.0 = Debug|Any CPU
		{FA7ECCAA-7B93-4EC3-B765-B2B85C25B9FD}.Release|Any CPU.ActiveCfg = Release|Any CPU
		{FA7ECCAA-7B93-4EC3-B765-B2B85C25B9FD}.Release|Any CPU.Build.0 = Release|Any CPU
		{A3F512B9-E2DF-4D3E-A934-BCBD5F4AB790}.Debug|Any CPU.ActiveCfg = Debug|Any CPU
		{A3F512B9-E2DF-4D3E-A934-BCBD5F4AB790}.Debug|Any CPU.Build.0 = Debug|Any CPU
		{A3F512B9-E2DF-4D3E-A934-BCBD5F4AB790}.Release|Any CPU.ActiveCfg = Release|Any CPU
		{A3F512B9-E2DF-4D3E-A934-BCBD5F4AB790}.Release|Any CPU.Build.0 = Release|Any CPU
		{8949D7EE-5E74-4E10-AD43-1E0AE853487C}.Debug|Any CPU.ActiveCfg = Debug|Any CPU
		{8949D7EE-5E74-4E10-AD43-1E0AE853487C}.Debug|Any CPU.Build.0 = Debug|Any CPU
		{8949D7EE-5E74-4E10-AD43-1E0AE853487C}.Release|Any CPU.ActiveCfg = Release|Any CPU
		{8949D7EE-5E74-4E10-AD43-1E0AE853487C}.Release|Any CPU.Build.0 = Release|Any CPU
	EndGlobalSection
	GlobalSection(SolutionProperties) = preSolution
		HideSolutionNode = FALSE
	EndGlobalSection
EndGlobal
