
Microsoft Visual Studio Solution File, Format Version 12.00
# Visual Studio 14
VisualStudioVersion = 14.0.25420.1
MinimumVisualStudioVersion = 10.0.40219.1
Project("{FAE04EC0-301F-11D3-BF4B-00C04F79EFBC}") = "01 Students by Group", "01 Students by Group\01 Students by Group.csproj", "{1B20B360-36AD-4E2A-B722-47011FF9E9C8}"
EndProject
Project("{FAE04EC0-301F-11D3-BF4B-00C04F79EFBC}") = "02 Students by First and Last Name", "02 Students by First and Last Name\02 Students by First and Last Name.csproj", "{C96AD3C5-59ED-4985-A3FC-94D34CC37F2D}"
EndProject
Project("{FAE04EC0-301F-11D3-BF4B-00C04F79EFBC}") = "03 Students by Age", "03 Students by Age\03 Students by Age.csproj", "{3E0745E6-7702-4D52-B5B7-9C9CF292A16F}"
EndProject
Project("{FAE04EC0-301F-11D3-BF4B-00C04F79EFBC}") = "04 Sort Students", "04 Sort Students\04 Sort Students.csproj", "{F0E4AF03-E5DD-434A-B203-3AEEB5A24F18}"
EndProject
Project("{FAE04EC0-301F-11D3-BF4B-00C04F79EFBC}") = "05 Filter Students by Email Domain", "05 Filter Students by Email Domain\05 Filter Students by Email Domain.csproj", "{64CA2D9C-892F-4AC2-B5A4-4C5AB2997495}"
EndProject
Project("{FAE04EC0-301F-11D3-BF4B-00C04F79EFBC}") = "06 Filter Students by Phone", "06 Filter Students by Phone\06 Filter Students by Phone.csproj", "{AA5E03E4-78E8-4224-B7FF-91EFF2A0BF5E}"
EndProject
Project("{FAE04EC0-301F-11D3-BF4B-00C04F79EFBC}") = "07 Excellent Students", "07 Excellent Students\07 Excellent Students.csproj", "{688196D6-C3DB-4E14-8782-0F2C772A63E0}"
EndProject
Project("{FAE04EC0-301F-11D3-BF4B-00C04F79EFBC}") = "08 Weak Students", "08 Weak Students\08 Weak Students.csproj", "{7E6D87A3-778C-47E7-BED4-C3F7FA60E209}"
EndProject
Project("{FAE04EC0-301F-11D3-BF4B-00C04F79EFBC}") = "09 Students Enrolled in 2014 or 2015", "09 Students Enrolled in 2014 or 2015\09 Students Enrolled in 2014 or 2015.csproj", "{3ABF6F64-905B-48E6-93C4-C317EB4AB188}"
EndProject
Project("{FAE04EC0-301F-11D3-BF4B-00C04F79EFBC}") = "10 Group by Group", "10 Group by Group\10 Group by Group.csproj", "{D247F24B-4AE3-4DDA-890A-D7E7E603BA3D}"
EndProject
Project("{FAE04EC0-301F-11D3-BF4B-00C04F79EFBC}") = "11 Students Joined to Specialties", "11 Students Joined to Specialties\11 Students Joined to Specialties.csproj", "{D17F45D8-EA97-442D-A5B5-13C4EAC57016}"
EndProject
Project("{FAE04EC0-301F-11D3-BF4B-00C04F79EFBC}") = "12 Little John", "12 Little John\12 Little John.csproj", "{EB4E51B3-EC77-4910-9918-4E34F243EE04}"
EndProject
Project("{FAE04EC0-301F-11D3-BF4B-00C04F79EFBC}") = "13 Office Stuff", "13 Office Stuff\13 Office Stuff.csproj", "{508F86F9-102D-439B-A994-9064E9451367}"
EndProject
Project("{FAE04EC0-301F-11D3-BF4B-00C04F79EFBC}") = "14 Export to Excel", "14 Export to Excel\14 Export to Excel.csproj", "{E4DBD578-2F37-4361-B739-6678B20BE7FE}"
EndProject
Global
	GlobalSection(SolutionConfigurationPlatforms) = preSolution
		Debug|Any CPU = Debug|Any CPU
		Release|Any CPU = Release|Any CPU
	EndGlobalSection
	GlobalSection(ProjectConfigurationPlatforms) = postSolution
		{1B20B360-36AD-4E2A-B722-47011FF9E9C8}.Debug|Any CPU.ActiveCfg = Debug|Any CPU
		{1B20B360-36AD-4E2A-B722-47011FF9E9C8}.Debug|Any CPU.Build.0 = Debug|Any CPU
		{1B20B360-36AD-4E2A-B722-47011FF9E9C8}.Release|Any CPU.ActiveCfg = Release|Any CPU
		{1B20B360-36AD-4E2A-B722-47011FF9E9C8}.Release|Any CPU.Build.0 = Release|Any CPU
		{C96AD3C5-59ED-4985-A3FC-94D34CC37F2D}.Debug|Any CPU.ActiveCfg = Debug|Any CPU
		{C96AD3C5-59ED-4985-A3FC-94D34CC37F2D}.Debug|Any CPU.Build.0 = Debug|Any CPU
		{C96AD3C5-59ED-4985-A3FC-94D34CC37F2D}.Release|Any CPU.ActiveCfg = Release|Any CPU
		{C96AD3C5-59ED-4985-A3FC-94D34CC37F2D}.Release|Any CPU.Build.0 = Release|Any CPU
		{3E0745E6-7702-4D52-B5B7-9C9CF292A16F}.Debug|Any CPU.ActiveCfg = Debug|Any CPU
		{3E0745E6-7702-4D52-B5B7-9C9CF292A16F}.Debug|Any CPU.Build.0 = Debug|Any CPU
		{3E0745E6-7702-4D52-B5B7-9C9CF292A16F}.Release|Any CPU.ActiveCfg = Release|Any CPU
		{3E0745E6-7702-4D52-B5B7-9C9CF292A16F}.Release|Any CPU.Build.0 = Release|Any CPU
		{F0E4AF03-E5DD-434A-B203-3AEEB5A24F18}.Debug|Any CPU.ActiveCfg = Debug|Any CPU
		{F0E4AF03-E5DD-434A-B203-3AEEB5A24F18}.Debug|Any CPU.Build.0 = Debug|Any CPU
		{F0E4AF03-E5DD-434A-B203-3AEEB5A24F18}.Release|Any CPU.ActiveCfg = Release|Any CPU
		{F0E4AF03-E5DD-434A-B203-3AEEB5A24F18}.Release|Any CPU.Build.0 = Release|Any CPU
		{64CA2D9C-892F-4AC2-B5A4-4C5AB2997495}.Debug|Any CPU.ActiveCfg = Debug|Any CPU
		{64CA2D9C-892F-4AC2-B5A4-4C5AB2997495}.Debug|Any CPU.Build.0 = Debug|Any CPU
		{64CA2D9C-892F-4AC2-B5A4-4C5AB2997495}.Release|Any CPU.ActiveCfg = Release|Any CPU
		{64CA2D9C-892F-4AC2-B5A4-4C5AB2997495}.Release|Any CPU.Build.0 = Release|Any CPU
		{AA5E03E4-78E8-4224-B7FF-91EFF2A0BF5E}.Debug|Any CPU.ActiveCfg = Debug|Any CPU
		{AA5E03E4-78E8-4224-B7FF-91EFF2A0BF5E}.Debug|Any CPU.Build.0 = Debug|Any CPU
		{AA5E03E4-78E8-4224-B7FF-91EFF2A0BF5E}.Release|Any CPU.ActiveCfg = Release|Any CPU
		{AA5E03E4-78E8-4224-B7FF-91EFF2A0BF5E}.Release|Any CPU.Build.0 = Release|Any CPU
		{688196D6-C3DB-4E14-8782-0F2C772A63E0}.Debug|Any CPU.ActiveCfg = Debug|Any CPU
		{688196D6-C3DB-4E14-8782-0F2C772A63E0}.Debug|Any CPU.Build.0 = Debug|Any CPU
		{688196D6-C3DB-4E14-8782-0F2C772A63E0}.Release|Any CPU.ActiveCfg = Release|Any CPU
		{688196D6-C3DB-4E14-8782-0F2C772A63E0}.Release|Any CPU.Build.0 = Release|Any CPU
		{7E6D87A3-778C-47E7-BED4-C3F7FA60E209}.Debug|Any CPU.ActiveCfg = Debug|Any CPU
		{7E6D87A3-778C-47E7-BED4-C3F7FA60E209}.Debug|Any CPU.Build.0 = Debug|Any CPU
		{7E6D87A3-778C-47E7-BED4-C3F7FA60E209}.Release|Any CPU.ActiveCfg = Release|Any CPU
		{7E6D87A3-778C-47E7-BED4-C3F7FA60E209}.Release|Any CPU.Build.0 = Release|Any CPU
		{3ABF6F64-905B-48E6-93C4-C317EB4AB188}.Debug|Any CPU.ActiveCfg = Debug|Any CPU
		{3ABF6F64-905B-48E6-93C4-C317EB4AB188}.Debug|Any CPU.Build.0 = Debug|Any CPU
		{3ABF6F64-905B-48E6-93C4-C317EB4AB188}.Release|Any CPU.ActiveCfg = Release|Any CPU
		{3ABF6F64-905B-48E6-93C4-C317EB4AB188}.Release|Any CPU.Build.0 = Release|Any CPU
		{D247F24B-4AE3-4DDA-890A-D7E7E603BA3D}.Debug|Any CPU.ActiveCfg = Debug|Any CPU
		{D247F24B-4AE3-4DDA-890A-D7E7E603BA3D}.Debug|Any CPU.Build.0 = Debug|Any CPU
		{D247F24B-4AE3-4DDA-890A-D7E7E603BA3D}.Release|Any CPU.ActiveCfg = Release|Any CPU
		{D247F24B-4AE3-4DDA-890A-D7E7E603BA3D}.Release|Any CPU.Build.0 = Release|Any CPU
		{D17F45D8-EA97-442D-A5B5-13C4EAC57016}.Debug|Any CPU.ActiveCfg = Debug|Any CPU
		{D17F45D8-EA97-442D-A5B5-13C4EAC57016}.Debug|Any CPU.Build.0 = Debug|Any CPU
		{D17F45D8-EA97-442D-A5B5-13C4EAC57016}.Release|Any CPU.ActiveCfg = Release|Any CPU
		{D17F45D8-EA97-442D-A5B5-13C4EAC57016}.Release|Any CPU.Build.0 = Release|Any CPU
		{EB4E51B3-EC77-4910-9918-4E34F243EE04}.Debug|Any CPU.ActiveCfg = Debug|Any CPU
		{EB4E51B3-EC77-4910-9918-4E34F243EE04}.Debug|Any CPU.Build.0 = Debug|Any CPU
		{EB4E51B3-EC77-4910-9918-4E34F243EE04}.Release|Any CPU.ActiveCfg = Release|Any CPU
		{EB4E51B3-EC77-4910-9918-4E34F243EE04}.Release|Any CPU.Build.0 = Release|Any CPU
		{508F86F9-102D-439B-A994-9064E9451367}.Debug|Any CPU.ActiveCfg = Debug|Any CPU
		{508F86F9-102D-439B-A994-9064E9451367}.Debug|Any CPU.Build.0 = Debug|Any CPU
		{508F86F9-102D-439B-A994-9064E9451367}.Release|Any CPU.ActiveCfg = Release|Any CPU
		{508F86F9-102D-439B-A994-9064E9451367}.Release|Any CPU.Build.0 = Release|Any CPU
		{E4DBD578-2F37-4361-B739-6678B20BE7FE}.Debug|Any CPU.ActiveCfg = Debug|Any CPU
		{E4DBD578-2F37-4361-B739-6678B20BE7FE}.Debug|Any CPU.Build.0 = Debug|Any CPU
		{E4DBD578-2F37-4361-B739-6678B20BE7FE}.Release|Any CPU.ActiveCfg = Release|Any CPU
		{E4DBD578-2F37-4361-B739-6678B20BE7FE}.Release|Any CPU.Build.0 = Release|Any CPU
	EndGlobalSection
	GlobalSection(SolutionProperties) = preSolution
		HideSolutionNode = FALSE
	EndGlobalSection
EndGlobal
