
Microsoft Visual Studio Solution File, Format Version 12.00
# Visual Studio 14
VisualStudioVersion = 14.0.25420.1
MinimumVisualStudioVersion = 10.0.40219.1
Project("{FAE04EC0-301F-11D3-BF4B-00C04F79EFBC}") = "01 Vehicles", "01 Vehicles\01 Vehicles.csproj", "{30B80741-37A6-4BE6-8AB3-CA6A4860BF02}"
EndProject
Project("{FAE04EC0-301F-11D3-BF4B-00C04F79EFBC}") = "03 Wild farm", "03 Wild farm\03 Wild farm.csproj", "{EC96DE34-0C9C-460E-AF75-E7748C9D4476}"
EndProject
Global
	GlobalSection(SolutionConfigurationPlatforms) = preSolution
		Debug|Any CPU = Debug|Any CPU
		Release|Any CPU = Release|Any CPU
	EndGlobalSection
	GlobalSection(ProjectConfigurationPlatforms) = postSolution
		{30B80741-37A6-4BE6-8AB3-CA6A4860BF02}.Debug|Any CPU.ActiveCfg = Debug|Any CPU
		{30B80741-37A6-4BE6-8AB3-CA6A4860BF02}.Debug|Any CPU.Build.0 = Debug|Any CPU
		{30B80741-37A6-4BE6-8AB3-CA6A4860BF02}.Release|Any CPU.ActiveCfg = Release|Any CPU
		{30B80741-37A6-4BE6-8AB3-CA6A4860BF02}.Release|Any CPU.Build.0 = Release|Any CPU
		{EC96DE34-0C9C-460E-AF75-E7748C9D4476}.Debug|Any CPU.ActiveCfg = Debug|Any CPU
		{EC96DE34-0C9C-460E-AF75-E7748C9D4476}.Debug|Any CPU.Build.0 = Debug|Any CPU
		{EC96DE34-0C9C-460E-AF75-E7748C9D4476}.Release|Any CPU.ActiveCfg = Release|Any CPU
		{EC96DE34-0C9C-460E-AF75-E7748C9D4476}.Release|Any CPU.Build.0 = Release|Any CPU
	EndGlobalSection
	GlobalSection(SolutionProperties) = preSolution
		HideSolutionNode = FALSE
	EndGlobalSection
EndGlobal
